
Microsoft Visual Studio Solution File, Format Version 12.00
# Visual Studio Version 17
VisualStudioVersion = 17.3.32819.101
MinimumVisualStudioVersion = 10.0.40219.1
Project("{FAE04EC0-301F-11D3-BF4B-00C04F79EFBC}") = "ConsoleApp20", "ConsoleApp20\ConsoleApp20.csproj", "{AF2AF136-AF40-4FF6-ACC7-D20A1D6E9909}"
EndProject
Global
	GlobalSection(SolutionConfigurationPlatforms) = preSolution
		Debug|Any CPU = Debug|Any CPU
		Release|Any CPU = Release|Any CPU
	EndGlobalSection
	GlobalSection(ProjectConfigurationPlatforms) = postSolution
		{AF2AF136-AF40-4FF6-ACC7-D20A1D6E9909}.Debug|Any CPU.ActiveCfg = Debug|Any CPU
		{AF2AF136-AF40-4FF6-ACC7-D20A1D6E9909}.Debug|Any CPU.Build.0 = Debug|Any CPU
		{AF2AF136-AF40-4FF6-ACC7-D20A1D6E9909}.Release|Any CPU.ActiveCfg = Release|Any CPU
		{AF2AF136-AF40-4FF6-ACC7-D20A1D6E9909}.Release|Any CPU.Build.0 = Release|Any CPU
	EndGlobalSection
	GlobalSection(SolutionProperties) = preSolution
		HideSolutionNode = FALSE
	EndGlobalSection
	GlobalSection(ExtensibilityGlobals) = postSolution
		SolutionGuid = {87656200-E06F-498C-8582-5E17236AFAFA}
	EndGlobalSection
EndGlobal
